
Microsoft Visual Studio Solution File, Format Version 12.00
# Visual Studio 15
VisualStudioVersion = 15.0.27428.2037
MinimumVisualStudioVersion = 10.0.40219.1
Project("{FAE04EC0-301F-11D3-BF4B-00C04F79EFBC}") = "LR1Console", "LR1Console\LR1Console.csproj", "{289CBCE2-E60D-4F03-BFFD-19A6CFEBE109}"
EndProject
Global
	GlobalSection(SolutionConfigurationPlatforms) = preSolution
		Debug|Any CPU = Debug|Any CPU
		Release|Any CPU = Release|Any CPU
	EndGlobalSection
	GlobalSection(ProjectConfigurationPlatforms) = postSolution
		{289CBCE2-E60D-4F03-BFFD-19A6CFEBE109}.Debug|Any CPU.ActiveCfg = Debug|Any CPU
		{289CBCE2-E60D-4F03-BFFD-19A6CFEBE109}.Debug|Any CPU.Build.0 = Debug|Any CPU
		{289CBCE2-E60D-4F03-BFFD-19A6CFEBE109}.Release|Any CPU.ActiveCfg = Release|Any CPU
		{289CBCE2-E60D-4F03-BFFD-19A6CFEBE109}.Release|Any CPU.Build.0 = Release|Any CPU
	EndGlobalSection
	GlobalSection(SolutionProperties) = preSolution
		HideSolutionNode = FALSE
	EndGlobalSection
	GlobalSection(ExtensibilityGlobals) = postSolution
		SolutionGuid = {D0AE2C33-D003-4E33-A82D-2EF110358525}
	EndGlobalSection
EndGlobal
